
Microsoft Visual Studio Solution File, Format Version 12.00
# Visual Studio Version 17
VisualStudioVersion = 17.9.34714.143
MinimumVisualStudioVersion = 10.0.40219.1
Project("{9A19103F-16F7-4668-BE54-9A1E7A4F7556}") = "Cerberus.Presentation.WEB", "Cerberus.Presentation.WEB\Cerberus.Presentation.WEB.csproj", "{A02D274F-7280-41FA-8ECB-26F6FE4C5376}"
EndProject
Project("{2150E333-8FDC-42A3-9474-1A3956D46DE8}") = "0 - Notes", "0 - Notes", "{2FD7A20D-A753-40E2-87BA-3B9863669BE3}"
	ProjectSection(SolutionItems) = preProject
		comandosEFCORE.txt = comandosEFCORE.txt
	EndProjectSection
EndProject
Project("{2150E333-8FDC-42A3-9474-1A3956D46DE8}") = "1 - Presentation", "1 - Presentation", "{D396E942-85B8-4F67-8E7E-A165F52D6A95}"
EndProject
Project("{2150E333-8FDC-42A3-9474-1A3956D46DE8}") = "2 - Domain", "2 - Domain", "{F03E3F8E-31A9-4D29-A42C-30A7DAC635AC}"
EndProject
Project("{2150E333-8FDC-42A3-9474-1A3956D46DE8}") = "3 - Infrastructure", "3 - Infrastructure", "{F29B51EA-2D42-4C17-B805-759FDD0B484E}"
EndProject
Project("{2150E333-8FDC-42A3-9474-1A3956D46DE8}") = "4 - Test", "4 - Test", "{B3042915-3315-4866-8874-EDBBA7F6BF95}"
EndProject
Project("{2150E333-8FDC-42A3-9474-1A3956D46DE8}") = "0 - Web", "0 - Web", "{D61C480F-447C-42A7-BD94-823311699063}"
EndProject
Project("{2150E333-8FDC-42A3-9474-1A3956D46DE8}") = "1 - Malicious", "1 - Malicious", "{E3932C05-4A5E-4A0D-8AEC-08445A883707}"
EndProject
Project("{9A19103F-16F7-4668-BE54-9A1E7A4F7556}") = "Cerberus.Presentation.Trojan", "Cerberus.Presentation.Trojan\Cerberus.Presentation.Trojan.csproj", "{041F51C8-281C-4DBF-8E36-A1BC744719BD}"
EndProject
Project("{9A19103F-16F7-4668-BE54-9A1E7A4F7556}") = "Cerberus.Domain.Models", "Cerberus.Domain.Models\Cerberus.Domain.Models.csproj", "{4C5CB6D0-4681-4080-80E0-78F9F9441182}"
EndProject
Project("{9A19103F-16F7-4668-BE54-9A1E7A4F7556}") = "Cerberus.Infrastructure.Data", "Cerberus.Infrastructure.Data\Cerberus.Infrastructure.Data.csproj", "{37270DAC-AACE-427A-B43D-ECD56030E0F0}"
EndProject
Project("{8BC9CEB8-8B4A-11D0-8D11-00A0C91BC942}") = "Cerberus.Malicious", "Cerberus.Malicious\Cerberus.Malicious.vcxproj", "{1B2577D2-7E48-485C-9541-FFF09ED1F9F0}"
EndProject
Project("{5697748A-77EF-44CA-8824-4F5637E5945B}") = "LuaScripts", "LuaScripts\LuaScripts.luaproj", "{E439935D-B2A2-46AE-856D-2AA408428F33}"
EndProject
Global
	GlobalSection(SolutionConfigurationPlatforms) = preSolution
		Debug|Any CPU = Debug|Any CPU
		Debug|ARM = Debug|ARM
		Debug|ARM64 = Debug|ARM64
		Debug|x64 = Debug|x64
		Debug|x86 = Debug|x86
		Release|Any CPU = Release|Any CPU
		Release|ARM = Release|ARM
		Release|ARM64 = Release|ARM64
		Release|x64 = Release|x64
		Release|x86 = Release|x86
	EndGlobalSection
	GlobalSection(ProjectConfigurationPlatforms) = postSolution
		{A02D274F-7280-41FA-8ECB-26F6FE4C5376}.Debug|Any CPU.ActiveCfg = Debug|Any CPU
		{A02D274F-7280-41FA-8ECB-26F6FE4C5376}.Debug|Any CPU.Build.0 = Debug|Any CPU
		{A02D274F-7280-41FA-8ECB-26F6FE4C5376}.Debug|ARM.ActiveCfg = Debug|Any CPU
		{A02D274F-7280-41FA-8ECB-26F6FE4C5376}.Debug|ARM.Build.0 = Debug|Any CPU
		{A02D274F-7280-41FA-8ECB-26F6FE4C5376}.Debug|ARM64.ActiveCfg = Debug|Any CPU
		{A02D274F-7280-41FA-8ECB-26F6FE4C5376}.Debug|ARM64.Build.0 = Debug|Any CPU
		{A02D274F-7280-41FA-8ECB-26F6FE4C5376}.Debug|x64.ActiveCfg = Debug|Any CPU
		{A02D274F-7280-41FA-8ECB-26F6FE4C5376}.Debug|x64.Build.0 = Debug|Any CPU
		{A02D274F-7280-41FA-8ECB-26F6FE4C5376}.Debug|x86.ActiveCfg = Debug|Any CPU
		{A02D274F-7280-41FA-8ECB-26F6FE4C5376}.Debug|x86.Build.0 = Debug|Any CPU
		{A02D274F-7280-41FA-8ECB-26F6FE4C5376}.Release|Any CPU.ActiveCfg = Release|Any CPU
		{A02D274F-7280-41FA-8ECB-26F6FE4C5376}.Release|Any CPU.Build.0 = Release|Any CPU
		{A02D274F-7280-41FA-8ECB-26F6FE4C5376}.Release|ARM.ActiveCfg = Release|Any CPU
		{A02D274F-7280-41FA-8ECB-26F6FE4C5376}.Release|ARM.Build.0 = Release|Any CPU
		{A02D274F-7280-41FA-8ECB-26F6FE4C5376}.Release|ARM64.ActiveCfg = Release|Any CPU
		{A02D274F-7280-41FA-8ECB-26F6FE4C5376}.Release|ARM64.Build.0 = Release|Any CPU
		{A02D274F-7280-41FA-8ECB-26F6FE4C5376}.Release|x64.ActiveCfg = Release|Any CPU
		{A02D274F-7280-41FA-8ECB-26F6FE4C5376}.Release|x64.Build.0 = Release|Any CPU
		{A02D274F-7280-41FA-8ECB-26F6FE4C5376}.Release|x86.ActiveCfg = Release|Any CPU
		{A02D274F-7280-41FA-8ECB-26F6FE4C5376}.Release|x86.Build.0 = Release|Any CPU
		{041F51C8-281C-4DBF-8E36-A1BC744719BD}.Debug|Any CPU.ActiveCfg = Debug|Any CPU
		{041F51C8-281C-4DBF-8E36-A1BC744719BD}.Debug|Any CPU.Build.0 = Debug|Any CPU
		{041F51C8-281C-4DBF-8E36-A1BC744719BD}.Debug|ARM.ActiveCfg = Debug|Any CPU
		{041F51C8-281C-4DBF-8E36-A1BC744719BD}.Debug|ARM.Build.0 = Debug|Any CPU
		{041F51C8-281C-4DBF-8E36-A1BC744719BD}.Debug|ARM64.ActiveCfg = Debug|Any CPU
		{041F51C8-281C-4DBF-8E36-A1BC744719BD}.Debug|ARM64.Build.0 = Debug|Any CPU
		{041F51C8-281C-4DBF-8E36-A1BC744719BD}.Debug|x64.ActiveCfg = Debug|Any CPU
		{041F51C8-281C-4DBF-8E36-A1BC744719BD}.Debug|x64.Build.0 = Debug|Any CPU
		{041F51C8-281C-4DBF-8E36-A1BC744719BD}.Debug|x86.ActiveCfg = Debug|Any CPU
		{041F51C8-281C-4DBF-8E36-A1BC744719BD}.Debug|x86.Build.0 = Debug|Any CPU
		{041F51C8-281C-4DBF-8E36-A1BC744719BD}.Release|Any CPU.ActiveCfg = Release|Any CPU
		{041F51C8-281C-4DBF-8E36-A1BC744719BD}.Release|Any CPU.Build.0 = Release|Any CPU
		{041F51C8-281C-4DBF-8E36-A1BC744719BD}.Release|ARM.ActiveCfg = Release|Any CPU
		{041F51C8-281C-4DBF-8E36-A1BC744719BD}.Release|ARM.Build.0 = Release|Any CPU
		{041F51C8-281C-4DBF-8E36-A1BC744719BD}.Release|ARM64.ActiveCfg = Release|Any CPU
		{041F51C8-281C-4DBF-8E36-A1BC744719BD}.Release|ARM64.Build.0 = Release|Any CPU
		{041F51C8-281C-4DBF-8E36-A1BC744719BD}.Release|x64.ActiveCfg = Release|Any CPU
		{041F51C8-281C-4DBF-8E36-A1BC744719BD}.Release|x64.Build.0 = Release|Any CPU
		{041F51C8-281C-4DBF-8E36-A1BC744719BD}.Release|x86.ActiveCfg = Release|Any CPU
		{041F51C8-281C-4DBF-8E36-A1BC744719BD}.Release|x86.Build.0 = Release|Any CPU
		{4C5CB6D0-4681-4080-80E0-78F9F9441182}.Debug|Any CPU.ActiveCfg = Debug|Any CPU
		{4C5CB6D0-4681-4080-80E0-78F9F9441182}.Debug|Any CPU.Build.0 = Debug|Any CPU
		{4C5CB6D0-4681-4080-80E0-78F9F9441182}.Debug|ARM.ActiveCfg = Debug|Any CPU
		{4C5CB6D0-4681-4080-80E0-78F9F9441182}.Debug|ARM.Build.0 = Debug|Any CPU
		{4C5CB6D0-4681-4080-80E0-78F9F9441182}.Debug|ARM64.ActiveCfg = Debug|Any CPU
		{4C5CB6D0-4681-4080-80E0-78F9F9441182}.Debug|ARM64.Build.0 = Debug|Any CPU
		{4C5CB6D0-4681-4080-80E0-78F9F9441182}.Debug|x64.ActiveCfg = Debug|Any CPU
		{4C5CB6D0-4681-4080-80E0-78F9F9441182}.Debug|x64.Build.0 = Debug|Any CPU
		{4C5CB6D0-4681-4080-80E0-78F9F9441182}.Debug|x86.ActiveCfg = Debug|Any CPU
		{4C5CB6D0-4681-4080-80E0-78F9F9441182}.Debug|x86.Build.0 = Debug|Any CPU
		{4C5CB6D0-4681-4080-80E0-78F9F9441182}.Release|Any CPU.ActiveCfg = Release|Any CPU
		{4C5CB6D0-4681-4080-80E0-78F9F9441182}.Release|Any CPU.Build.0 = Release|Any CPU
		{4C5CB6D0-4681-4080-80E0-78F9F9441182}.Release|ARM.ActiveCfg = Release|Any CPU
		{4C5CB6D0-4681-4080-80E0-78F9F9441182}.Release|ARM.Build.0 = Release|Any CPU
		{4C5CB6D0-4681-4080-80E0-78F9F9441182}.Release|ARM64.ActiveCfg = Release|Any CPU
		{4C5CB6D0-4681-4080-80E0-78F9F9441182}.Release|ARM64.Build.0 = Release|Any CPU
		{4C5CB6D0-4681-4080-80E0-78F9F9441182}.Release|x64.ActiveCfg = Release|Any CPU
		{4C5CB6D0-4681-4080-80E0-78F9F9441182}.Release|x64.Build.0 = Release|Any CPU
		{4C5CB6D0-4681-4080-80E0-78F9F9441182}.Release|x86.ActiveCfg = Release|Any CPU
		{4C5CB6D0-4681-4080-80E0-78F9F9441182}.Release|x86.Build.0 = Release|Any CPU
		{37270DAC-AACE-427A-B43D-ECD56030E0F0}.Debug|Any CPU.ActiveCfg = Debug|Any CPU
		{37270DAC-AACE-427A-B43D-ECD56030E0F0}.Debug|Any CPU.Build.0 = Debug|Any CPU
		{37270DAC-AACE-427A-B43D-ECD56030E0F0}.Debug|ARM.ActiveCfg = Debug|Any CPU
		{37270DAC-AACE-427A-B43D-ECD56030E0F0}.Debug|ARM.Build.0 = Debug|Any CPU
		{37270DAC-AACE-427A-B43D-ECD56030E0F0}.Debug|ARM64.ActiveCfg = Debug|Any CPU
		{37270DAC-AACE-427A-B43D-ECD56030E0F0}.Debug|ARM64.Build.0 = Debug|Any CPU
		{37270DAC-AACE-427A-B43D-ECD56030E0F0}.Debug|x64.ActiveCfg = Debug|Any CPU
		{37270DAC-AACE-427A-B43D-ECD56030E0F0}.Debug|x64.Build.0 = Debug|Any CPU
		{37270DAC-AACE-427A-B43D-ECD56030E0F0}.Debug|x86.ActiveCfg = Debug|Any CPU
		{37270DAC-AACE-427A-B43D-ECD56030E0F0}.Debug|x86.Build.0 = Debug|Any CPU
		{37270DAC-AACE-427A-B43D-ECD56030E0F0}.Release|Any CPU.ActiveCfg = Release|Any CPU
		{37270DAC-AACE-427A-B43D-ECD56030E0F0}.Release|Any CPU.Build.0 = Release|Any CPU
		{37270DAC-AACE-427A-B43D-ECD56030E0F0}.Release|ARM.ActiveCfg = Release|Any CPU
		{37270DAC-AACE-427A-B43D-ECD56030E0F0}.Release|ARM.Build.0 = Release|Any CPU
		{37270DAC-AACE-427A-B43D-ECD56030E0F0}.Release|ARM64.ActiveCfg = Release|Any CPU
		{37270DAC-AACE-427A-B43D-ECD56030E0F0}.Release|ARM64.Build.0 = Release|Any CPU
		{37270DAC-AACE-427A-B43D-ECD56030E0F0}.Release|x64.ActiveCfg = Release|Any CPU
		{37270DAC-AACE-427A-B43D-ECD56030E0F0}.Release|x64.Build.0 = Release|Any CPU
		{37270DAC-AACE-427A-B43D-ECD56030E0F0}.Release|x86.ActiveCfg = Release|Any CPU
		{37270DAC-AACE-427A-B43D-ECD56030E0F0}.Release|x86.Build.0 = Release|Any CPU
		{1B2577D2-7E48-485C-9541-FFF09ED1F9F0}.Debug|Any CPU.ActiveCfg = Debug|x64
		{1B2577D2-7E48-485C-9541-FFF09ED1F9F0}.Debug|Any CPU.Build.0 = Debug|x64
		{1B2577D2-7E48-485C-9541-FFF09ED1F9F0}.Debug|ARM.ActiveCfg = Debug|x64
		{1B2577D2-7E48-485C-9541-FFF09ED1F9F0}.Debug|ARM.Build.0 = Debug|x64
		{1B2577D2-7E48-485C-9541-FFF09ED1F9F0}.Debug|ARM64.ActiveCfg = Debug|x64
		{1B2577D2-7E48-485C-9541-FFF09ED1F9F0}.Debug|ARM64.Build.0 = Debug|x64
		{1B2577D2-7E48-485C-9541-FFF09ED1F9F0}.Debug|x64.ActiveCfg = Debug|x64
		{1B2577D2-7E48-485C-9541-FFF09ED1F9F0}.Debug|x64.Build.0 = Debug|x64
		{1B2577D2-7E48-485C-9541-FFF09ED1F9F0}.Debug|x86.ActiveCfg = Debug|Win32
		{1B2577D2-7E48-485C-9541-FFF09ED1F9F0}.Debug|x86.Build.0 = Debug|Win32
		{1B2577D2-7E48-485C-9541-FFF09ED1F9F0}.Release|Any CPU.ActiveCfg = Release|x64
		{1B2577D2-7E48-485C-9541-FFF09ED1F9F0}.Release|Any CPU.Build.0 = Release|x64
		{1B2577D2-7E48-485C-9541-FFF09ED1F9F0}.Release|ARM.ActiveCfg = Release|x64
		{1B2577D2-7E48-485C-9541-FFF09ED1F9F0}.Release|ARM.Build.0 = Release|x64
		{1B2577D2-7E48-485C-9541-FFF09ED1F9F0}.Release|ARM64.ActiveCfg = Release|x64
		{1B2577D2-7E48-485C-9541-FFF09ED1F9F0}.Release|ARM64.Build.0 = Release|x64
		{1B2577D2-7E48-485C-9541-FFF09ED1F9F0}.Release|x64.ActiveCfg = Release|x64
		{1B2577D2-7E48-485C-9541-FFF09ED1F9F0}.Release|x64.Build.0 = Release|x64
		{1B2577D2-7E48-485C-9541-FFF09ED1F9F0}.Release|x86.ActiveCfg = Release|Win32
		{1B2577D2-7E48-485C-9541-FFF09ED1F9F0}.Release|x86.Build.0 = Release|Win32
		{E439935D-B2A2-46AE-856D-2AA408428F33}.Debug|Any CPU.ActiveCfg = Debug|Any CPU
		{E439935D-B2A2-46AE-856D-2AA408428F33}.Debug|ARM.ActiveCfg = Debug|Any CPU
		{E439935D-B2A2-46AE-856D-2AA408428F33}.Debug|ARM64.ActiveCfg = Debug|Any CPU
		{E439935D-B2A2-46AE-856D-2AA408428F33}.Debug|x64.ActiveCfg = Debug|Any CPU
		{E439935D-B2A2-46AE-856D-2AA408428F33}.Debug|x86.ActiveCfg = Debug|Any CPU
		{E439935D-B2A2-46AE-856D-2AA408428F33}.Release|Any CPU.ActiveCfg = Release|Any CPU
		{E439935D-B2A2-46AE-856D-2AA408428F33}.Release|ARM.ActiveCfg = Release|Any CPU
		{E439935D-B2A2-46AE-856D-2AA408428F33}.Release|ARM64.ActiveCfg = Release|Any CPU
		{E439935D-B2A2-46AE-856D-2AA408428F33}.Release|x64.ActiveCfg = Release|Any CPU
		{E439935D-B2A2-46AE-856D-2AA408428F33}.Release|x86.ActiveCfg = Release|Any CPU
	EndGlobalSection
	GlobalSection(SolutionProperties) = preSolution
		HideSolutionNode = FALSE
	EndGlobalSection
	GlobalSection(NestedProjects) = preSolution
		{A02D274F-7280-41FA-8ECB-26F6FE4C5376} = {D61C480F-447C-42A7-BD94-823311699063}
		{D61C480F-447C-42A7-BD94-823311699063} = {D396E942-85B8-4F67-8E7E-A165F52D6A95}
		{E3932C05-4A5E-4A0D-8AEC-08445A883707} = {D396E942-85B8-4F67-8E7E-A165F52D6A95}
		{041F51C8-281C-4DBF-8E36-A1BC744719BD} = {E3932C05-4A5E-4A0D-8AEC-08445A883707}
		{4C5CB6D0-4681-4080-80E0-78F9F9441182} = {F03E3F8E-31A9-4D29-A42C-30A7DAC635AC}
		{37270DAC-AACE-427A-B43D-ECD56030E0F0} = {F29B51EA-2D42-4C17-B805-759FDD0B484E}
		{1B2577D2-7E48-485C-9541-FFF09ED1F9F0} = {E3932C05-4A5E-4A0D-8AEC-08445A883707}
		{E439935D-B2A2-46AE-856D-2AA408428F33} = {E3932C05-4A5E-4A0D-8AEC-08445A883707}
	EndGlobalSection
	GlobalSection(ExtensibilityGlobals) = postSolution
		SolutionGuid = {A7C672F5-F1C1-4BFC-B2BF-6B4BD7D1D7C9}
	EndGlobalSection
EndGlobal
