
Microsoft Visual Studio Solution File, Format Version 12.00
# Visual Studio Version 17
VisualStudioVersion = 17.9.34714.143
MinimumVisualStudioVersion = 10.0.40219.1
Project("{2150E333-8FDC-42A3-9474-1A3956D46DE8}") = "0 - Notes", "0 - Notes", "{2FD7A20D-A753-40E2-87BA-3B9863669BE3}"
	ProjectSection(SolutionItems) = preProject
		comandosEFCORE.txt = comandosEFCORE.txt
		gitcommands.txt = gitcommands.txt
		luaCopy.bat = luaCopy.bat
	EndProjectSection
EndProject
Project("{2150E333-8FDC-42A3-9474-1A3956D46DE8}") = "1 - Presentation", "1 - Presentation", "{D396E942-85B8-4F67-8E7E-A165F52D6A95}"
EndProject
Project("{2150E333-8FDC-42A3-9474-1A3956D46DE8}") = "2 - Domain", "2 - Domain", "{F03E3F8E-31A9-4D29-A42C-30A7DAC635AC}"
EndProject
Project("{2150E333-8FDC-42A3-9474-1A3956D46DE8}") = "3 - Infrastructure", "3 - Infrastructure", "{F29B51EA-2D42-4C17-B805-759FDD0B484E}"
EndProject
Project("{2150E333-8FDC-42A3-9474-1A3956D46DE8}") = "4 - Test", "4 - Test", "{B3042915-3315-4866-8874-EDBBA7F6BF95}"
EndProject
Project("{2150E333-8FDC-42A3-9474-1A3956D46DE8}") = "0 - Web", "0 - Web", "{D61C480F-447C-42A7-BD94-823311699063}"
EndProject
Project("{2150E333-8FDC-42A3-9474-1A3956D46DE8}") = "1 - Malicious", "1 - Malicious", "{E3932C05-4A5E-4A0D-8AEC-08445A883707}"
EndProject
Project("{9A19103F-16F7-4668-BE54-9A1E7A4F7556}") = "Cerberus.Presentation.Trojan", "Cerberus.Presentation.Trojan\Cerberus.Presentation.Trojan.csproj", "{041F51C8-281C-4DBF-8E36-A1BC744719BD}"
EndProject
Project("{9A19103F-16F7-4668-BE54-9A1E7A4F7556}") = "Cerberus.Domain.Models", "Cerberus.Domain.Models\Cerberus.Domain.Models.csproj", "{4C5CB6D0-4681-4080-80E0-78F9F9441182}"
EndProject
Project("{9A19103F-16F7-4668-BE54-9A1E7A4F7556}") = "Cerberus.Infrastructure.Data", "Cerberus.Infrastructure.Data\Cerberus.Infrastructure.Data.csproj", "{37270DAC-AACE-427A-B43D-ECD56030E0F0}"
EndProject
Project("{8BC9CEB8-8B4A-11D0-8D11-00A0C91BC942}") = "Malicious", "Cerberus.Malicious.Embedded\Cerberus.Malicious.Embedded.vcxproj", "{3A79911D-C1D1-405B-8399-5CDC80CA85FA}"
EndProject
Project("{9A19103F-16F7-4668-BE54-9A1E7A4F7556}") = "Cerberus.Presentation.WEB", "Cerberus.Presentation.WEB\Cerberus.Presentation.WEB.csproj", "{5A160BE6-0634-41D2-B94E-E0C2B80D3ADF}"
EndProject
Project("{9A19103F-16F7-4668-BE54-9A1E7A4F7556}") = "Cerberus.API", "Cerberus.API\Cerberus.API.csproj", "{EE35006D-CF2D-4FCE-A590-A83814A378F4}"
EndProject
Project("{FAE04EC0-301F-11D3-BF4B-00C04F79EFBC}") = "Cerberus.Domain.ApiService", "Cerberus.Domain.ApiService\Cerberus.Domain.ApiService.csproj", "{785B5DB4-D361-4331-BCFB-4D8E0A2CC2BF}"
EndProject
Global
	GlobalSection(SolutionConfigurationPlatforms) = preSolution
		Debug|Any CPU = Debug|Any CPU
		Debug|ARM = Debug|ARM
		Debug|ARM64 = Debug|ARM64
		Debug|x64 = Debug|x64
		Debug|x86 = Debug|x86
		Release|Any CPU = Release|Any CPU
		Release|ARM = Release|ARM
		Release|ARM64 = Release|ARM64
		Release|x64 = Release|x64
		Release|x86 = Release|x86
	EndGlobalSection
	GlobalSection(ProjectConfigurationPlatforms) = postSolution
		{041F51C8-281C-4DBF-8E36-A1BC744719BD}.Debug|Any CPU.ActiveCfg = Debug|Any CPU
		{041F51C8-281C-4DBF-8E36-A1BC744719BD}.Debug|Any CPU.Build.0 = Debug|Any CPU
		{041F51C8-281C-4DBF-8E36-A1BC744719BD}.Debug|ARM.ActiveCfg = Debug|Any CPU
		{041F51C8-281C-4DBF-8E36-A1BC744719BD}.Debug|ARM.Build.0 = Debug|Any CPU
		{041F51C8-281C-4DBF-8E36-A1BC744719BD}.Debug|ARM64.ActiveCfg = Debug|Any CPU
		{041F51C8-281C-4DBF-8E36-A1BC744719BD}.Debug|ARM64.Build.0 = Debug|Any CPU
		{041F51C8-281C-4DBF-8E36-A1BC744719BD}.Debug|x64.ActiveCfg = Debug|Any CPU
		{041F51C8-281C-4DBF-8E36-A1BC744719BD}.Debug|x64.Build.0 = Debug|Any CPU
		{041F51C8-281C-4DBF-8E36-A1BC744719BD}.Debug|x86.ActiveCfg = Debug|Any CPU
		{041F51C8-281C-4DBF-8E36-A1BC744719BD}.Debug|x86.Build.0 = Debug|Any CPU
		{041F51C8-281C-4DBF-8E36-A1BC744719BD}.Release|Any CPU.ActiveCfg = Release|Any CPU
		{041F51C8-281C-4DBF-8E36-A1BC744719BD}.Release|Any CPU.Build.0 = Release|Any CPU
		{041F51C8-281C-4DBF-8E36-A1BC744719BD}.Release|ARM.ActiveCfg = Release|Any CPU
		{041F51C8-281C-4DBF-8E36-A1BC744719BD}.Release|ARM.Build.0 = Release|Any CPU
		{041F51C8-281C-4DBF-8E36-A1BC744719BD}.Release|ARM64.ActiveCfg = Release|Any CPU
		{041F51C8-281C-4DBF-8E36-A1BC744719BD}.Release|ARM64.Build.0 = Release|Any CPU
		{041F51C8-281C-4DBF-8E36-A1BC744719BD}.Release|x64.ActiveCfg = Release|Any CPU
		{041F51C8-281C-4DBF-8E36-A1BC744719BD}.Release|x64.Build.0 = Release|Any CPU
		{041F51C8-281C-4DBF-8E36-A1BC744719BD}.Release|x86.ActiveCfg = Release|Any CPU
		{041F51C8-281C-4DBF-8E36-A1BC744719BD}.Release|x86.Build.0 = Release|Any CPU
		{4C5CB6D0-4681-4080-80E0-78F9F9441182}.Debug|Any CPU.ActiveCfg = Debug|Any CPU
		{4C5CB6D0-4681-4080-80E0-78F9F9441182}.Debug|Any CPU.Build.0 = Debug|Any CPU
		{4C5CB6D0-4681-4080-80E0-78F9F9441182}.Debug|ARM.ActiveCfg = Debug|Any CPU
		{4C5CB6D0-4681-4080-80E0-78F9F9441182}.Debug|ARM.Build.0 = Debug|Any CPU
		{4C5CB6D0-4681-4080-80E0-78F9F9441182}.Debug|ARM64.ActiveCfg = Debug|Any CPU
		{4C5CB6D0-4681-4080-80E0-78F9F9441182}.Debug|ARM64.Build.0 = Debug|Any CPU
		{4C5CB6D0-4681-4080-80E0-78F9F9441182}.Debug|x64.ActiveCfg = Debug|Any CPU
		{4C5CB6D0-4681-4080-80E0-78F9F9441182}.Debug|x64.Build.0 = Debug|Any CPU
		{4C5CB6D0-4681-4080-80E0-78F9F9441182}.Debug|x86.ActiveCfg = Debug|Any CPU
		{4C5CB6D0-4681-4080-80E0-78F9F9441182}.Debug|x86.Build.0 = Debug|Any CPU
		{4C5CB6D0-4681-4080-80E0-78F9F9441182}.Release|Any CPU.ActiveCfg = Release|Any CPU
		{4C5CB6D0-4681-4080-80E0-78F9F9441182}.Release|Any CPU.Build.0 = Release|Any CPU
		{4C5CB6D0-4681-4080-80E0-78F9F9441182}.Release|ARM.ActiveCfg = Release|Any CPU
		{4C5CB6D0-4681-4080-80E0-78F9F9441182}.Release|ARM.Build.0 = Release|Any CPU
		{4C5CB6D0-4681-4080-80E0-78F9F9441182}.Release|ARM64.ActiveCfg = Release|Any CPU
		{4C5CB6D0-4681-4080-80E0-78F9F9441182}.Release|ARM64.Build.0 = Release|Any CPU
		{4C5CB6D0-4681-4080-80E0-78F9F9441182}.Release|x64.ActiveCfg = Release|Any CPU
		{4C5CB6D0-4681-4080-80E0-78F9F9441182}.Release|x64.Build.0 = Release|Any CPU
		{4C5CB6D0-4681-4080-80E0-78F9F9441182}.Release|x86.ActiveCfg = Release|Any CPU
		{4C5CB6D0-4681-4080-80E0-78F9F9441182}.Release|x86.Build.0 = Release|Any CPU
		{37270DAC-AACE-427A-B43D-ECD56030E0F0}.Debug|Any CPU.ActiveCfg = Debug|Any CPU
		{37270DAC-AACE-427A-B43D-ECD56030E0F0}.Debug|Any CPU.Build.0 = Debug|Any CPU
		{37270DAC-AACE-427A-B43D-ECD56030E0F0}.Debug|ARM.ActiveCfg = Debug|Any CPU
		{37270DAC-AACE-427A-B43D-ECD56030E0F0}.Debug|ARM.Build.0 = Debug|Any CPU
		{37270DAC-AACE-427A-B43D-ECD56030E0F0}.Debug|ARM64.ActiveCfg = Debug|Any CPU
		{37270DAC-AACE-427A-B43D-ECD56030E0F0}.Debug|ARM64.Build.0 = Debug|Any CPU
		{37270DAC-AACE-427A-B43D-ECD56030E0F0}.Debug|x64.ActiveCfg = Debug|Any CPU
		{37270DAC-AACE-427A-B43D-ECD56030E0F0}.Debug|x64.Build.0 = Debug|Any CPU
		{37270DAC-AACE-427A-B43D-ECD56030E0F0}.Debug|x86.ActiveCfg = Debug|Any CPU
		{37270DAC-AACE-427A-B43D-ECD56030E0F0}.Debug|x86.Build.0 = Debug|Any CPU
		{37270DAC-AACE-427A-B43D-ECD56030E0F0}.Release|Any CPU.ActiveCfg = Release|Any CPU
		{37270DAC-AACE-427A-B43D-ECD56030E0F0}.Release|Any CPU.Build.0 = Release|Any CPU
		{37270DAC-AACE-427A-B43D-ECD56030E0F0}.Release|ARM.ActiveCfg = Release|Any CPU
		{37270DAC-AACE-427A-B43D-ECD56030E0F0}.Release|ARM.Build.0 = Release|Any CPU
		{37270DAC-AACE-427A-B43D-ECD56030E0F0}.Release|ARM64.ActiveCfg = Release|Any CPU
		{37270DAC-AACE-427A-B43D-ECD56030E0F0}.Release|ARM64.Build.0 = Release|Any CPU
		{37270DAC-AACE-427A-B43D-ECD56030E0F0}.Release|x64.ActiveCfg = Release|Any CPU
		{37270DAC-AACE-427A-B43D-ECD56030E0F0}.Release|x64.Build.0 = Release|Any CPU
		{37270DAC-AACE-427A-B43D-ECD56030E0F0}.Release|x86.ActiveCfg = Release|Any CPU
		{37270DAC-AACE-427A-B43D-ECD56030E0F0}.Release|x86.Build.0 = Release|Any CPU
		{3A79911D-C1D1-405B-8399-5CDC80CA85FA}.Debug|Any CPU.ActiveCfg = Debug|x64
		{3A79911D-C1D1-405B-8399-5CDC80CA85FA}.Debug|Any CPU.Build.0 = Debug|x64
		{3A79911D-C1D1-405B-8399-5CDC80CA85FA}.Debug|ARM.ActiveCfg = Debug|x64
		{3A79911D-C1D1-405B-8399-5CDC80CA85FA}.Debug|ARM.Build.0 = Debug|x64
		{3A79911D-C1D1-405B-8399-5CDC80CA85FA}.Debug|ARM64.ActiveCfg = Debug|x64
		{3A79911D-C1D1-405B-8399-5CDC80CA85FA}.Debug|ARM64.Build.0 = Debug|x64
		{3A79911D-C1D1-405B-8399-5CDC80CA85FA}.Debug|x64.ActiveCfg = Debug|x64
		{3A79911D-C1D1-405B-8399-5CDC80CA85FA}.Debug|x64.Build.0 = Debug|x64
		{3A79911D-C1D1-405B-8399-5CDC80CA85FA}.Debug|x86.ActiveCfg = Debug|Win32
		{3A79911D-C1D1-405B-8399-5CDC80CA85FA}.Debug|x86.Build.0 = Debug|Win32
		{3A79911D-C1D1-405B-8399-5CDC80CA85FA}.Release|Any CPU.ActiveCfg = Release|x64
		{3A79911D-C1D1-405B-8399-5CDC80CA85FA}.Release|Any CPU.Build.0 = Release|x64
		{3A79911D-C1D1-405B-8399-5CDC80CA85FA}.Release|ARM.ActiveCfg = Release|x64
		{3A79911D-C1D1-405B-8399-5CDC80CA85FA}.Release|ARM.Build.0 = Release|x64
		{3A79911D-C1D1-405B-8399-5CDC80CA85FA}.Release|ARM64.ActiveCfg = Release|x64
		{3A79911D-C1D1-405B-8399-5CDC80CA85FA}.Release|ARM64.Build.0 = Release|x64
		{3A79911D-C1D1-405B-8399-5CDC80CA85FA}.Release|x64.ActiveCfg = Release|x64
		{3A79911D-C1D1-405B-8399-5CDC80CA85FA}.Release|x64.Build.0 = Release|x64
		{3A79911D-C1D1-405B-8399-5CDC80CA85FA}.Release|x86.ActiveCfg = Release|Win32
		{3A79911D-C1D1-405B-8399-5CDC80CA85FA}.Release|x86.Build.0 = Release|Win32
		{5A160BE6-0634-41D2-B94E-E0C2B80D3ADF}.Debug|Any CPU.ActiveCfg = Debug|Any CPU
		{5A160BE6-0634-41D2-B94E-E0C2B80D3ADF}.Debug|Any CPU.Build.0 = Debug|Any CPU
		{5A160BE6-0634-41D2-B94E-E0C2B80D3ADF}.Debug|ARM.ActiveCfg = Debug|Any CPU
		{5A160BE6-0634-41D2-B94E-E0C2B80D3ADF}.Debug|ARM.Build.0 = Debug|Any CPU
		{5A160BE6-0634-41D2-B94E-E0C2B80D3ADF}.Debug|ARM64.ActiveCfg = Debug|Any CPU
		{5A160BE6-0634-41D2-B94E-E0C2B80D3ADF}.Debug|ARM64.Build.0 = Debug|Any CPU
		{5A160BE6-0634-41D2-B94E-E0C2B80D3ADF}.Debug|x64.ActiveCfg = Debug|Any CPU
		{5A160BE6-0634-41D2-B94E-E0C2B80D3ADF}.Debug|x64.Build.0 = Debug|Any CPU
		{5A160BE6-0634-41D2-B94E-E0C2B80D3ADF}.Debug|x86.ActiveCfg = Debug|Any CPU
		{5A160BE6-0634-41D2-B94E-E0C2B80D3ADF}.Debug|x86.Build.0 = Debug|Any CPU
		{5A160BE6-0634-41D2-B94E-E0C2B80D3ADF}.Release|Any CPU.ActiveCfg = Release|Any CPU
		{5A160BE6-0634-41D2-B94E-E0C2B80D3ADF}.Release|Any CPU.Build.0 = Release|Any CPU
		{5A160BE6-0634-41D2-B94E-E0C2B80D3ADF}.Release|ARM.ActiveCfg = Release|Any CPU
		{5A160BE6-0634-41D2-B94E-E0C2B80D3ADF}.Release|ARM.Build.0 = Release|Any CPU
		{5A160BE6-0634-41D2-B94E-E0C2B80D3ADF}.Release|ARM64.ActiveCfg = Release|Any CPU
		{5A160BE6-0634-41D2-B94E-E0C2B80D3ADF}.Release|ARM64.Build.0 = Release|Any CPU
		{5A160BE6-0634-41D2-B94E-E0C2B80D3ADF}.Release|x64.ActiveCfg = Release|Any CPU
		{5A160BE6-0634-41D2-B94E-E0C2B80D3ADF}.Release|x64.Build.0 = Release|Any CPU
		{5A160BE6-0634-41D2-B94E-E0C2B80D3ADF}.Release|x86.ActiveCfg = Release|Any CPU
		{5A160BE6-0634-41D2-B94E-E0C2B80D3ADF}.Release|x86.Build.0 = Release|Any CPU
		{EE35006D-CF2D-4FCE-A590-A83814A378F4}.Debug|Any CPU.ActiveCfg = Debug|Any CPU
		{EE35006D-CF2D-4FCE-A590-A83814A378F4}.Debug|Any CPU.Build.0 = Debug|Any CPU
		{EE35006D-CF2D-4FCE-A590-A83814A378F4}.Debug|ARM.ActiveCfg = Debug|Any CPU
		{EE35006D-CF2D-4FCE-A590-A83814A378F4}.Debug|ARM.Build.0 = Debug|Any CPU
		{EE35006D-CF2D-4FCE-A590-A83814A378F4}.Debug|ARM64.ActiveCfg = Debug|Any CPU
		{EE35006D-CF2D-4FCE-A590-A83814A378F4}.Debug|ARM64.Build.0 = Debug|Any CPU
		{EE35006D-CF2D-4FCE-A590-A83814A378F4}.Debug|x64.ActiveCfg = Debug|Any CPU
		{EE35006D-CF2D-4FCE-A590-A83814A378F4}.Debug|x64.Build.0 = Debug|Any CPU
		{EE35006D-CF2D-4FCE-A590-A83814A378F4}.Debug|x86.ActiveCfg = Debug|Any CPU
		{EE35006D-CF2D-4FCE-A590-A83814A378F4}.Debug|x86.Build.0 = Debug|Any CPU
		{EE35006D-CF2D-4FCE-A590-A83814A378F4}.Release|Any CPU.ActiveCfg = Release|Any CPU
		{EE35006D-CF2D-4FCE-A590-A83814A378F4}.Release|Any CPU.Build.0 = Release|Any CPU
		{EE35006D-CF2D-4FCE-A590-A83814A378F4}.Release|ARM.ActiveCfg = Release|Any CPU
		{EE35006D-CF2D-4FCE-A590-A83814A378F4}.Release|ARM.Build.0 = Release|Any CPU
		{EE35006D-CF2D-4FCE-A590-A83814A378F4}.Release|ARM64.ActiveCfg = Release|Any CPU
		{EE35006D-CF2D-4FCE-A590-A83814A378F4}.Release|ARM64.Build.0 = Release|Any CPU
		{EE35006D-CF2D-4FCE-A590-A83814A378F4}.Release|x64.ActiveCfg = Release|Any CPU
		{EE35006D-CF2D-4FCE-A590-A83814A378F4}.Release|x64.Build.0 = Release|Any CPU
		{EE35006D-CF2D-4FCE-A590-A83814A378F4}.Release|x86.ActiveCfg = Release|Any CPU
		{EE35006D-CF2D-4FCE-A590-A83814A378F4}.Release|x86.Build.0 = Release|Any CPU
		{785B5DB4-D361-4331-BCFB-4D8E0A2CC2BF}.Debug|Any CPU.ActiveCfg = Debug|Any CPU
		{785B5DB4-D361-4331-BCFB-4D8E0A2CC2BF}.Debug|Any CPU.Build.0 = Debug|Any CPU
		{785B5DB4-D361-4331-BCFB-4D8E0A2CC2BF}.Debug|ARM.ActiveCfg = Debug|Any CPU
		{785B5DB4-D361-4331-BCFB-4D8E0A2CC2BF}.Debug|ARM.Build.0 = Debug|Any CPU
		{785B5DB4-D361-4331-BCFB-4D8E0A2CC2BF}.Debug|ARM64.ActiveCfg = Debug|Any CPU
		{785B5DB4-D361-4331-BCFB-4D8E0A2CC2BF}.Debug|ARM64.Build.0 = Debug|Any CPU
		{785B5DB4-D361-4331-BCFB-4D8E0A2CC2BF}.Debug|x64.ActiveCfg = Debug|Any CPU
		{785B5DB4-D361-4331-BCFB-4D8E0A2CC2BF}.Debug|x64.Build.0 = Debug|Any CPU
		{785B5DB4-D361-4331-BCFB-4D8E0A2CC2BF}.Debug|x86.ActiveCfg = Debug|Any CPU
		{785B5DB4-D361-4331-BCFB-4D8E0A2CC2BF}.Debug|x86.Build.0 = Debug|Any CPU
		{785B5DB4-D361-4331-BCFB-4D8E0A2CC2BF}.Release|Any CPU.ActiveCfg = Release|Any CPU
		{785B5DB4-D361-4331-BCFB-4D8E0A2CC2BF}.Release|Any CPU.Build.0 = Release|Any CPU
		{785B5DB4-D361-4331-BCFB-4D8E0A2CC2BF}.Release|ARM.ActiveCfg = Release|Any CPU
		{785B5DB4-D361-4331-BCFB-4D8E0A2CC2BF}.Release|ARM.Build.0 = Release|Any CPU
		{785B5DB4-D361-4331-BCFB-4D8E0A2CC2BF}.Release|ARM64.ActiveCfg = Release|Any CPU
		{785B5DB4-D361-4331-BCFB-4D8E0A2CC2BF}.Release|ARM64.Build.0 = Release|Any CPU
		{785B5DB4-D361-4331-BCFB-4D8E0A2CC2BF}.Release|x64.ActiveCfg = Release|Any CPU
		{785B5DB4-D361-4331-BCFB-4D8E0A2CC2BF}.Release|x64.Build.0 = Release|Any CPU
		{785B5DB4-D361-4331-BCFB-4D8E0A2CC2BF}.Release|x86.ActiveCfg = Release|Any CPU
		{785B5DB4-D361-4331-BCFB-4D8E0A2CC2BF}.Release|x86.Build.0 = Release|Any CPU
	EndGlobalSection
	GlobalSection(SolutionProperties) = preSolution
		HideSolutionNode = FALSE
	EndGlobalSection
	GlobalSection(NestedProjects) = preSolution
		{D61C480F-447C-42A7-BD94-823311699063} = {D396E942-85B8-4F67-8E7E-A165F52D6A95}
		{E3932C05-4A5E-4A0D-8AEC-08445A883707} = {D396E942-85B8-4F67-8E7E-A165F52D6A95}
		{041F51C8-281C-4DBF-8E36-A1BC744719BD} = {E3932C05-4A5E-4A0D-8AEC-08445A883707}
		{4C5CB6D0-4681-4080-80E0-78F9F9441182} = {F03E3F8E-31A9-4D29-A42C-30A7DAC635AC}
		{37270DAC-AACE-427A-B43D-ECD56030E0F0} = {F29B51EA-2D42-4C17-B805-759FDD0B484E}
		{3A79911D-C1D1-405B-8399-5CDC80CA85FA} = {E3932C05-4A5E-4A0D-8AEC-08445A883707}
		{5A160BE6-0634-41D2-B94E-E0C2B80D3ADF} = {D61C480F-447C-42A7-BD94-823311699063}
		{EE35006D-CF2D-4FCE-A590-A83814A378F4} = {F29B51EA-2D42-4C17-B805-759FDD0B484E}
		{785B5DB4-D361-4331-BCFB-4D8E0A2CC2BF} = {F03E3F8E-31A9-4D29-A42C-30A7DAC635AC}
	EndGlobalSection
	GlobalSection(ExtensibilityGlobals) = postSolution
		SolutionGuid = {A7C672F5-F1C1-4BFC-B2BF-6B4BD7D1D7C9}
	EndGlobalSection
EndGlobal
